// !$*UTF8*$!
{
	archiveVersion = 1;
	classes = {
	};
	objectVersion = 77;
	objects = {

/* Begin PBXContainerItemProxy section */
		01F118F82D3D3EEB00192936 /* PBXContainerItemProxy */ = {
			isa = PBXContainerItemProxy;
			containerPortal = 01F118DF2D3D3EEA00192936 /* Project object */;
			proxyType = 1;
			remoteGlobalIDString = 01F118E62D3D3EEA00192936;
			remoteInfo = Bin2Dec;
		};
		01F119022D3D3EEB00192936 /* PBXContainerItemProxy */ = {
			isa = PBXContainerItemProxy;
			containerPortal = 01F118DF2D3D3EEA00192936 /* Project object */;
			proxyType = 1;
			remoteGlobalIDString = 01F118E62D3D3EEA00192936;
			remoteInfo = Bin2Dec;
		};
/* End PBXContainerItemProxy section */

/* Begin PBXFileReference section */
		01F118E72D3D3EEA00192936 /* Bin2Dec.app */ = {isa = PBXFileReference; explicitFileType = wrapper.application; includeInIndex = 0; path = Bin2Dec.app; sourceTree = BUILT_PRODUCTS_DIR; };
		01F118F72D3D3EEB00192936 /* Bin2DecTests.xctest */ = {isa = PBXFileReference; explicitFileType = wrapper.cfbundle; includeInIndex = 0; path = Bin2DecTests.xctest; sourceTree = BUILT_PRODUCTS_DIR; };
		01F119012D3D3EEB00192936 /* Bin2DecUITests.xctest */ = {isa = PBXFileReference; explicitFileType = wrapper.cfbundle; includeInIndex = 0; path = Bin2DecUITests.xctest; sourceTree = BUILT_PRODUCTS_DIR; };
/* End PBXFileReference section */

/* Begin PBXFileSystemSynchronizedRootGroup section */
		01F118E92D3D3EEA00192936 /* Bin2Dec */ = {
			isa = PBXFileSystemSynchronizedRootGroup;
			path = Bin2Dec;
			sourceTree = "<group>";
		};
		01F118FA2D3D3EEB00192936 /* Bin2DecTests */ = {
			isa = PBXFileSystemSynchronizedRootGroup;
			path = Bin2DecTests;
			sourceTree = "<group>";
		};
		01F119042D3D3EEB00192936 /* Bin2DecUITests */ = {
			isa = PBXFileSystemSynchronizedRootGroup;
			path = Bin2DecUITests;
			sourceTree = "<group>";
		};
/* End PBXFileSystemSynchronizedRootGroup section */

/* Begin PBXFrameworksBuildPhase section */
		01F118E42D3D3EEA00192936 /* Frameworks */ = {
			isa = PBXFrameworksBuildPhase;
			buildActionMask = 2147483647;
			files = (
			);
			runOnlyForDeploymentPostprocessing = 0;
		};
		01F118F42D3D3EEB00192936 /* Frameworks */ = {
			isa = PBXFrameworksBuildPhase;
			buildActionMask = 2147483647;
			files = (
			);
			runOnlyForDeploymentPostprocessing = 0;
		};
		01F118FE2D3D3EEB00192936 /* Frameworks */ = {
			isa = PBXFrameworksBuildPhase;
			buildActionMask = 2147483647;
			files = (
			);
			runOnlyForDeploymentPostprocessing = 0;
		};
/* End PBXFrameworksBuildPhase section */

/* Begin PBXGroup section */
		01F118DE2D3D3EEA00192936 = {
			isa = PBXGroup;
			children = (
				01F118E92D3D3EEA00192936 /* Bin2Dec */,
				01F118FA2D3D3EEB00192936 /* Bin2DecTests */,
				01F119042D3D3EEB00192936 /* Bin2DecUITests */,
				01F118E82D3D3EEA00192936 /* Products */,
			);
			sourceTree = "<group>";
		};
		01F118E82D3D3EEA00192936 /* Products */ = {
			isa = PBXGroup;
			children = (
				01F118E72D3D3EEA00192936 /* Bin2Dec.app */,
				01F118F72D3D3EEB00192936 /* Bin2DecTests.xctest */,
				01F119012D3D3EEB00192936 /* Bin2DecUITests.xctest */,
			);
			name = Products;
			sourceTree = "<group>";
		};
/* End PBXGroup section */

/* Begin PBXNativeTarget section */
		01F118E62D3D3EEA00192936 /* Bin2Dec */ = {
			isa = PBXNativeTarget;
			buildConfigurationList = 01F1190B2D3D3EEB00192936 /* Build configuration list for PBXNativeTarget "Bin2Dec" */;
			buildPhases = (
				01F118E32D3D3EEA00192936 /* Sources */,
				01F118E42D3D3EEA00192936 /* Frameworks */,
				01F118E52D3D3EEA00192936 /* Resources */,
			);
			buildRules = (
			);
			dependencies = (
			);
			fileSystemSynchronizedGroups = (
				01F118E92D3D3EEA00192936 /* Bin2Dec */,
			);
			name = Bin2Dec;
			packageProductDependencies = (
			);
			productName = Bin2Dec;
			productReference = 01F118E72D3D3EEA00192936 /* Bin2Dec.app */;
			productType = "com.apple.product-type.application";
		};
		01F118F62D3D3EEB00192936 /* Bin2DecTests */ = {
			isa = PBXNativeTarget;
			buildConfigurationList = 01F1190E2D3D3EEB00192936 /* Build configuration list for PBXNativeTarget "Bin2DecTests" */;
			buildPhases = (
				01F118F32D3D3EEB00192936 /* Sources */,
				01F118F42D3D3EEB00192936 /* Frameworks */,
				01F118F52D3D3EEB00192936 /* Resources */,
			);
			buildRules = (
			);
			dependencies = (
				01F118F92D3D3EEB00192936 /* PBXTargetDependency */,
			);
			fileSystemSynchronizedGroups = (
				01F118FA2D3D3EEB00192936 /* Bin2DecTests */,
			);
			name = Bin2DecTests;
			packageProductDependencies = (
			);
			productName = Bin2DecTests;
			productReference = 01F118F72D3D3EEB00192936 /* Bin2DecTests.xctest */;
			productType = "com.apple.product-type.bundle.unit-test";
		};
		01F119002D3D3EEB00192936 /* Bin2DecUITests */ = {
			isa = PBXNativeTarget;
			buildConfigurationList = 01F119112D3D3EEB00192936 /* Build configuration list for PBXNativeTarget "Bin2DecUITests" */;
			buildPhases = (
				01F118FD2D3D3EEB00192936 /* Sources */,
				01F118FE2D3D3EEB00192936 /* Frameworks */,
				01F118FF2D3D3EEB00192936 /* Resources */,
			);
			buildRules = (
			);
			dependencies = (
				01F119032D3D3EEB00192936 /* PBXTargetDependency */,
			);
			fileSystemSynchronizedGroups = (
				01F119042D3D3EEB00192936 /* Bin2DecUITests */,
			);
			name = Bin2DecUITests;
			packageProductDependencies = (
			);
			productName = Bin2DecUITests;
			productReference = 01F119012D3D3EEB00192936 /* Bin2DecUITests.xctest */;
			productType = "com.apple.product-type.bundle.ui-testing";
		};
/* End PBXNativeTarget section */

/* Begin PBXProject section */
		01F118DF2D3D3EEA00192936 /* Project object */ = {
			isa = PBXProject;
			attributes = {
				BuildIndependentTargetsInParallel = 1;
				LastSwiftUpdateCheck = 1600;
				LastUpgradeCheck = 1600;
				TargetAttributes = {
					01F118E62D3D3EEA00192936 = {
						CreatedOnToolsVersion = 16.0;
					};
					01F118F62D3D3EEB00192936 = {
						CreatedOnToolsVersion = 16.0;
						TestTargetID = 01F118E62D3D3EEA00192936;
					};
					01F119002D3D3EEB00192936 = {
						CreatedOnToolsVersion = 16.0;
						TestTargetID = 01F118E62D3D3EEA00192936;
					};
				};
			};
			buildConfigurationList = 01F118E22D3D3EEA00192936 /* Build configuration list for PBXProject "Bin2Dec" */;
			developmentRegion = en;
			hasScannedForEncodings = 0;
			knownRegions = (
				en,
				Base,
			);
			mainGroup = 01F118DE2D3D3EEA00192936;
			minimizedProjectReferenceProxies = 1;
			preferredProjectObjectVersion = 77;
			productRefGroup = 01F118E82D3D3EEA00192936 /* Products */;
			projectDirPath = "";
			projectRoot = "";
			targets = (
				01F118E62D3D3EEA00192936 /* Bin2Dec */,
				01F118F62D3D3EEB00192936 /* Bin2DecTests */,
				01F119002D3D3EEB00192936 /* Bin2DecUITests */,
			);
		};
/* End PBXProject section */

/* Begin PBXResourcesBuildPhase section */
		01F118E52D3D3EEA00192936 /* Resources */ = {
			isa = PBXResourcesBuildPhase;
			buildActionMask = 2147483647;
			files = (
			);
			runOnlyForDeploymentPostprocessing = 0;
		};
		01F118F52D3D3EEB00192936 /* Resources */ = {
			isa = PBXResourcesBuildPhase;
			buildActionMask = 2147483647;
			files = (
			);
			runOnlyForDeploymentPostprocessing = 0;
		};
		01F118FF2D3D3EEB00192936 /* Resources */ = {
			isa = PBXResourcesBuildPhase;
			buildActionMask = 2147483647;
			files = (
			);
			runOnlyForDeploymentPostprocessing = 0;
		};
/* End PBXResourcesBuildPhase section */

/* Begin PBXSourcesBuildPhase section */
		01F118E32D3D3EEA00192936 /* Sources */ = {
			isa = PBXSourcesBuildPhase;
			buildActionMask = 2147483647;
			files = (
			);
			runOnlyForDeploymentPostprocessing = 0;
		};
		01F118F32D3D3EEB00192936 /* Sources */ = {
			isa = PBXSourcesBuildPhase;
			buildActionMask = 2147483647;
			files = (
			);
			runOnlyForDeploymentPostprocessing = 0;
		};
		01F118FD2D3D3EEB00192936 /* Sources */ = {
			isa = PBXSourcesBuildPhase;
			buildActionMask = 2147483647;
			files = (
			);
			runOnlyForDeploymentPostprocessing = 0;
		};
/* End PBXSourcesBuildPhase section */

/* Begin PBXTargetDependency section */
		01F118F92D3D3EEB00192936 /* PBXTargetDependency */ = {
			isa = PBXTargetDependency;
			target = 01F118E62D3D3EEA00192936 /* Bin2Dec */;
			targetProxy = 01F118F82D3D3EEB00192936 /* PBXContainerItemProxy */;
		};
		01F119032D3D3EEB00192936 /* PBXTargetDependency */ = {
			isa = PBXTargetDependency;
			target = 01F118E62D3D3EEA00192936 /* Bin2Dec */;
			targetProxy = 01F119022D3D3EEB00192936 /* PBXContainerItemProxy */;
		};
/* End PBXTargetDependency section */

/* Begin XCBuildConfiguration section */
		01F119092D3D3EEB00192936 /* Debug */ = {
			isa = XCBuildConfiguration;
			buildSettings = {
				ALWAYS_SEARCH_USER_PATHS = NO;
				ASSETCATALOG_COMPILER_GENERATE_SWIFT_ASSET_SYMBOL_EXTENSIONS = YES;
				CLANG_ANALYZER_NONNULL = YES;
				CLANG_ANALYZER_NUMBER_OBJECT_CONVERSION = YES_AGGRESSIVE;
				CLANG_CXX_LANGUAGE_STANDARD = "gnu++20";
				CLANG_ENABLE_MODULES = YES;
				CLANG_ENABLE_OBJC_ARC = YES;
				CLANG_ENABLE_OBJC_WEAK = YES;
				CLANG_WARN_BLOCK_CAPTURE_AUTORELEASING = YES;
				CLANG_WARN_BOOL_CONVERSION = YES;
				CLANG_WARN_COMMA = YES;
				CLANG_WARN_CONSTANT_CONVERSION = YES;
				CLANG_WARN_DEPRECATED_OBJC_IMPLEMENTATIONS = YES;
				CLANG_WARN_DIRECT_OBJC_ISA_USAGE = YES_ERROR;
				CLANG_WARN_DOCUMENTATION_COMMENTS = YES;
				CLANG_WARN_EMPTY_BODY = YES;
				CLANG_WARN_ENUM_CONVERSION = YES;
				CLANG_WARN_INFINITE_RECURSION = YES;
				CLANG_WARN_INT_CONVERSION = YES;
				CLANG_WARN_NON_LITERAL_NULL_CONVERSION = YES;
				CLANG_WARN_OBJC_IMPLICIT_RETAIN_SELF = YES;
				CLANG_WARN_OBJC_LITERAL_CONVERSION = YES;
				CLANG_WARN_OBJC_ROOT_CLASS = YES_ERROR;
				CLANG_WARN_QUOTED_INCLUDE_IN_FRAMEWORK_HEADER = YES;
				CLANG_WARN_RANGE_LOOP_ANALYSIS = YES;
				CLANG_WARN_STRICT_PROTOTYPES = YES;
				CLANG_WARN_SUSPICIOUS_MOVE = YES;
				CLANG_WARN_UNGUARDED_AVAILABILITY = YES_AGGRESSIVE;
				CLANG_WARN_UNREACHABLE_CODE = YES;
				CLANG_WARN__DUPLICATE_METHOD_MATCH = YES;
				COPY_PHASE_STRIP = NO;
				DEBUG_INFORMATION_FORMAT = dwarf;
				ENABLE_STRICT_OBJC_MSGSEND = YES;
				ENABLE_TESTABILITY = YES;
				ENABLE_USER_SCRIPT_SANDBOXING = YES;
				GCC_C_LANGUAGE_STANDARD = gnu17;
				GCC_DYNAMIC_NO_PIC = NO;
				GCC_NO_COMMON_BLOCKS = YES;
				GCC_OPTIMIZATION_LEVEL = 0;
				GCC_PREPROCESSOR_DEFINITIONS = (
					"DEBUG=1",
					"$(inherited)",
				);
				GCC_WARN_64_TO_32_BIT_CONVERSION = YES;
				GCC_WARN_ABOUT_RETURN_TYPE = YES_ERROR;
				GCC_WARN_UNDECLARED_SELECTOR = YES;
				GCC_WARN_UNINITIALIZED_AUTOS = YES_AGGRESSIVE;
				GCC_WARN_UNUSED_FUNCTION = YES;
				GCC_WARN_UNUSED_VARIABLE = YES;
				IPHONEOS_DEPLOYMENT_TARGET = 18.0;
				LOCALIZATION_PREFERS_STRING_CATALOGS = YES;
				MTL_ENABLE_DEBUG_INFO = INCLUDE_SOURCE;
				MTL_FAST_MATH = YES;
				ONLY_ACTIVE_ARCH = YES;
				SDKROOT = iphoneos;
				SWIFT_ACTIVE_COMPILATION_CONDITIONS = "DEBUG $(inherited)";
				SWIFT_OPTIMIZATION_LEVEL = "-Onone";
			};
			name = Debug;
		};
		01F1190A2D3D3EEB00192936 /* Release */ = {
			isa = XCBuildConfiguration;
			buildSettings = {
				ALWAYS_SEARCH_USER_PATHS = NO;
				ASSETCATALOG_COMPILER_GENERATE_SWIFT_ASSET_SYMBOL_EXTENSIONS = YES;
				CLANG_ANALYZER_NONNULL = YES;
				CLANG_ANALYZER_NUMBER_OBJECT_CONVERSION = YES_AGGRESSIVE;
				CLANG_CXX_LANGUAGE_STANDARD = "gnu++20";
				CLANG_ENABLE_MODULES = YES;
				CLANG_ENABLE_OBJC_ARC = YES;
				CLANG_ENABLE_OBJC_WEAK = YES;
				CLANG_WARN_BLOCK_CAPTURE_AUTORELEASING = YES;
				CLANG_WARN_BOOL_CONVERSION = YES;
				CLANG_WARN_COMMA = YES;
				CLANG_WARN_CONSTANT_CONVERSION = YES;
				CLANG_WARN_DEPRECATED_OBJC_IMPLEMENTATIONS = YES;
				CLANG_WARN_DIRECT_OBJC_ISA_USAGE = YES_ERROR;
				CLANG_WARN_DOCUMENTATION_COMMENTS = YES;
				CLANG_WARN_EMPTY_BODY = YES;
				CLANG_WARN_ENUM_CONVERSION = YES;
				CLANG_WARN_INFINITE_RECURSION = YES;
				CLANG_WARN_INT_CONVERSION = YES;
				CLANG_WARN_NON_LITERAL_NULL_CONVERSION = YES;
				CLANG_WARN_OBJC_IMPLICIT_RETAIN_SELF = YES;
				CLANG_WARN_OBJC_LITERAL_CONVERSION = YES;
				CLANG_WARN_OBJC_ROOT_CLASS = YES_ERROR;
				CLANG_WARN_QUOTED_INCLUDE_IN_FRAMEWORK_HEADER = YES;
				CLANG_WARN_RANGE_LOOP_ANALYSIS = YES;
				CLANG_WARN_STRICT_PROTOTYPES = YES;
				CLANG_WARN_SUSPICIOUS_MOVE = YES;
				CLANG_WARN_UNGUARDED_AVAILABILITY = YES_AGGRESSIVE;
				CLANG_WARN_UNREACHABLE_CODE = YES;
				CLANG_WARN__DUPLICATE_METHOD_MATCH = YES;
				COPY_PHASE_STRIP = NO;
				DEBUG_INFORMATION_FORMAT = "dwarf-with-dsym";
				ENABLE_NS_ASSERTIONS = NO;
				ENABLE_STRICT_OBJC_MSGSEND = YES;
				ENABLE_USER_SCRIPT_SANDBOXING = YES;
				GCC_C_LANGUAGE_STANDARD = gnu17;
				GCC_NO_COMMON_BLOCKS = YES;
				GCC_WARN_64_TO_32_BIT_CONVERSION = YES;
				GCC_WARN_ABOUT_RETURN_TYPE = YES_ERROR;
				GCC_WARN_UNDECLARED_SELECTOR = YES;
				GCC_WARN_UNINITIALIZED_AUTOS = YES_AGGRESSIVE;
				GCC_WARN_UNUSED_FUNCTION = YES;
				GCC_WARN_UNUSED_VARIABLE = YES;
				IPHONEOS_DEPLOYMENT_TARGET = 18.0;
				LOCALIZATION_PREFERS_STRING_CATALOGS = YES;
				MTL_ENABLE_DEBUG_INFO = NO;
				MTL_FAST_MATH = YES;
				SDKROOT = iphoneos;
				SWIFT_COMPILATION_MODE = wholemodule;
				VALIDATE_PRODUCT = YES;
			};
			name = Release;
		};
		01F1190C2D3D3EEB00192936 /* Debug */ = {
			isa = XCBuildConfiguration;
			buildSettings = {
				ASSETCATALOG_COMPILER_APPICON_NAME = AppIcon;
				ASSETCATALOG_COMPILER_GLOBAL_ACCENT_COLOR_NAME = AccentColor;
				CODE_SIGN_STYLE = Automatic;
				CURRENT_PROJECT_VERSION = 1;
				DEVELOPMENT_ASSET_PATHS = "\"Bin2Dec/Preview Content\"";
				DEVELOPMENT_TEAM = 3S38K76AP3;
				ENABLE_PREVIEWS = YES;
				GENERATE_INFOPLIST_FILE = YES;
				INFOPLIST_KEY_UIApplicationSceneManifest_Generation = YES;
				INFOPLIST_KEY_UIApplicationSupportsIndirectInputEvents = YES;
				INFOPLIST_KEY_UILaunchScreen_Generation = YES;
				INFOPLIST_KEY_UISupportedInterfaceOrientations_iPad = "UIInterfaceOrientationPortrait UIInterfaceOrientationPortraitUpsideDown UIInterfaceOrientationLandscapeLeft UIInterfaceOrientationLandscapeRight";
				INFOPLIST_KEY_UISupportedInterfaceOrientations_iPhone = "UIInterfaceOrientationPortrait UIInterfaceOrientationLandscapeLeft UIInterfaceOrientationLandscapeRight";
				LD_RUNPATH_SEARCH_PATHS = (
					"$(inherited)",
					"@executable_path/Frameworks",
				);
				MARKETING_VERSION = 1.0;
				PRODUCT_BUNDLE_IDENTIFIER = com.skanderthabet.Bin2Dec;
				PRODUCT_NAME = "$(TARGET_NAME)";
				SWIFT_EMIT_LOC_STRINGS = YES;
				SWIFT_VERSION = 5.0;
				TARGETED_DEVICE_FAMILY = "1,2";
			};
			name = Debug;
		};
		01F1190D2D3D3EEB00192936 /* Release */ = {
			isa = XCBuildConfiguration;
			buildSettings = {
				ASSETCATALOG_COMPILER_APPICON_NAME = AppIcon;
				ASSETCATALOG_COMPILER_GLOBAL_ACCENT_COLOR_NAME = AccentColor;
				CODE_SIGN_STYLE = Automatic;
				CURRENT_PROJECT_VERSION = 1;
				DEVELOPMENT_ASSET_PATHS = "\"Bin2Dec/Preview Content\"";
				DEVELOPMENT_TEAM = 3S38K76AP3;
				ENABLE_PREVIEWS = YES;
				GENERATE_INFOPLIST_FILE = YES;
				INFOPLIST_KEY_UIApplicationSceneManifest_Generation = YES;
				INFOPLIST_KEY_UIApplicationSupportsIndirectInputEvents = YES;
				INFOPLIST_KEY_UILaunchScreen_Generation = YES;
				INFOPLIST_KEY_UISupportedInterfaceOrientations_iPad = "UIInterfaceOrientationPortrait UIInterfaceOrientationPortraitUpsideDown UIInterfaceOrientationLandscapeLeft UIInterfaceOrientationLandscapeRight";
				INFOPLIST_KEY_UISupportedInterfaceOrientations_iPhone = "UIInterfaceOrientationPortrait UIInterfaceOrientationLandscapeLeft UIInterfaceOrientationLandscapeRight";
				LD_RUNPATH_SEARCH_PATHS = (
					"$(inherited)",
					"@executable_path/Frameworks",
				);
				MARKETING_VERSION = 1.0;
				PRODUCT_BUNDLE_IDENTIFIER = com.skanderthabet.Bin2Dec;
				PRODUCT_NAME = "$(TARGET_NAME)";
				SWIFT_EMIT_LOC_STRINGS = YES;
				SWIFT_VERSION = 5.0;
				TARGETED_DEVICE_FAMILY = "1,2";
			};
			name = Release;
		};
		01F1190F2D3D3EEB00192936 /* Debug */ = {
			isa = XCBuildConfiguration;
			buildSettings = {
				BUNDLE_LOADER = "$(TEST_HOST)";
				CODE_SIGN_STYLE = Automatic;
				CURRENT_PROJECT_VERSION = 1;
				DEVELOPMENT_TEAM = 3S38K76AP3;
				GENERATE_INFOPLIST_FILE = YES;
				IPHONEOS_DEPLOYMENT_TARGET = 18.0;
				MARKETING_VERSION = 1.0;
				PRODUCT_BUNDLE_IDENTIFIER = com.skanderthabet.Bin2DecTests;
				PRODUCT_NAME = "$(TARGET_NAME)";
				SWIFT_EMIT_LOC_STRINGS = NO;
				SWIFT_VERSION = 5.0;
				TARGETED_DEVICE_FAMILY = "1,2";
				TEST_HOST = "$(BUILT_PRODUCTS_DIR)/Bin2Dec.app/$(BUNDLE_EXECUTABLE_FOLDER_PATH)/Bin2Dec";
			};
			name = Debug;
		};
		01F119102D3D3EEB00192936 /* Release */ = {
			isa = XCBuildConfiguration;
			buildSettings = {
				BUNDLE_LOADER = "$(TEST_HOST)";
				CODE_SIGN_STYLE = Automatic;
				CURRENT_PROJECT_VERSION = 1;
				DEVELOPMENT_TEAM = 3S38K76AP3;
				GENERATE_INFOPLIST_FILE = YES;
				IPHONEOS_DEPLOYMENT_TARGET = 18.0;
				MARKETING_VERSION = 1.0;
				PRODUCT_BUNDLE_IDENTIFIER = com.skanderthabet.Bin2DecTests;
				PRODUCT_NAME = "$(TARGET_NAME)";
				SWIFT_EMIT_LOC_STRINGS = NO;
				SWIFT_VERSION = 5.0;
				TARGETED_DEVICE_FAMILY = "1,2";
				TEST_HOST = "$(BUILT_PRODUCTS_DIR)/Bin2Dec.app/$(BUNDLE_EXECUTABLE_FOLDER_PATH)/Bin2Dec";
			};
			name = Release;
		};
		01F119122D3D3EEB00192936 /* Debug */ = {
			isa = XCBuildConfiguration;
			buildSettings = {
				CODE_SIGN_STYLE = Automatic;
				CURRENT_PROJECT_VERSION = 1;
				DEVELOPMENT_TEAM = 3S38K76AP3;
				GENERATE_INFOPLIST_FILE = YES;
				MARKETING_VERSION = 1.0;
				PRODUCT_BUNDLE_IDENTIFIER = com.skanderthabet.Bin2DecUITests;
				PRODUCT_NAME = "$(TARGET_NAME)";
				SWIFT_EMIT_LOC_STRINGS = NO;
				SWIFT_VERSION = 5.0;
				TARGETED_DEVICE_FAMILY = "1,2";
				TEST_TARGET_NAME = Bin2Dec;
			};
			name = Debug;
		};
		01F119132D3D3EEB00192936 /* Release */ = {
			isa = XCBuildConfiguration;
			buildSettings = {
				CODE_SIGN_STYLE = Automatic;
				CURRENT_PROJECT_VERSION = 1;
				DEVELOPMENT_TEAM = 3S38K76AP3;
				GENERATE_INFOPLIST_FILE = YES;
				MARKETING_VERSION = 1.0;
				PRODUCT_BUNDLE_IDENTIFIER = com.skanderthabet.Bin2DecUITests;
				PRODUCT_NAME = "$(TARGET_NAME)";
				SWIFT_EMIT_LOC_STRINGS = NO;
				SWIFT_VERSION = 5.0;
				TARGETED_DEVICE_FAMILY = "1,2";
				TEST_TARGET_NAME = Bin2Dec;
			};
			name = Release;
		};
/* End XCBuildConfiguration section */

/* Begin XCConfigurationList section */
		01F118E22D3D3EEA00192936 /* Build configuration list for PBXProject "Bin2Dec" */ = {
			isa = XCConfigurationList;
			buildConfigurations = (
				01F119092D3D3EEB00192936 /* Debug */,
				01F1190A2D3D3EEB00192936 /* Release */,
			);
			defaultConfigurationIsVisible = 0;
			defaultConfigurationName = Release;
		};
		01F1190B2D3D3EEB00192936 /* Build configuration list for PBXNativeTarget "Bin2Dec" */ = {
			isa = XCConfigurationList;
			buildConfigurations = (
				01F1190C2D3D3EEB00192936 /* Debug */,
				01F1190D2D3D3EEB00192936 /* Release */,
			);
			defaultConfigurationIsVisible = 0;
			defaultConfigurationName = Release;
		};
		01F1190E2D3D3EEB00192936 /* Build configuration list for PBXNativeTarget "Bin2DecTests" */ = {
			isa = XCConfigurationList;
			buildConfigurations = (
				01F1190F2D3D3EEB00192936 /* Debug */,
				01F119102D3D3EEB00192936 /* Release */,
			);
			defaultConfigurationIsVisible = 0;
			defaultConfigurationName = Release;
		};
		01F119112D3D3EEB00192936 /* Build configuration list for PBXNativeTarget "Bin2DecUITests" */ = {
			isa = XCConfigurationList;
			buildConfigurations = (
				01F119122D3D3EEB00192936 /* Debug */,
				01F119132D3D3EEB00192936 /* Release */,
			);
			defaultConfigurationIsVisible = 0;
			defaultConfigurationName = Release;
		};
/* End XCConfigurationList section */
	};
	rootObject = 01F118DF2D3D3EEA00192936 /* Project object */;
}
